
Microsoft Visual Studio Solution File, Format Version 12.00
# Visual Studio Version 16
VisualStudioVersion = 16.0.32901.82
MinimumVisualStudioVersion = 10.0.40219.1
Project("{FAE04EC0-301F-11D3-BF4B-00C04F79EFBC}") = "Coffee Shop Management Sytem", "Coffee Shop Management Sytem.csproj", "{AA7FD7F7-974E-41DF-B91D-692DAB90C3F8}"
EndProject
Global
	GlobalSection(SolutionConfigurationPlatforms) = preSolution
		Debug|Any CPU = Debug|Any CPU
		Release|Any CPU = Release|Any CPU
	EndGlobalSection
	GlobalSection(ProjectConfigurationPlatforms) = postSolution
		{AA7FD7F7-974E-41DF-B91D-692DAB90C3F8}.Debug|Any CPU.ActiveCfg = Debug|Any CPU
		{AA7FD7F7-974E-41DF-B91D-692DAB90C3F8}.Debug|Any CPU.Build.0 = Debug|Any CPU
		{AA7FD7F7-974E-41DF-B91D-692DAB90C3F8}.Release|Any CPU.ActiveCfg = Release|Any CPU
		{AA7FD7F7-974E-41DF-B91D-692DAB90C3F8}.Release|Any CPU.Build.0 = Release|Any CPU
	EndGlobalSection
	GlobalSection(SolutionProperties) = preSolution
		HideSolutionNode = FALSE
	EndGlobalSection
	GlobalSection(ExtensibilityGlobals) = postSolution
		SolutionGuid = {492167CB-2057-457D-B12A-A34EE9D70C34}
	EndGlobalSection
EndGlobal
